<Solution>
  <Project Path="Asisya.Api/Asisya.Api.csproj" />
  <Project Path="Asisya.Application/Asisya.Application.csproj" />
  <Project Path="Asisya.Domain/Asisya.Domain.csproj" />
  <Project Path="Asisya.Infrastructure/Asisya.Infrastructure.csproj" />
  <Project Path="Asisya.Tests/Asisya.Tests.csproj" />
</Solution>
